
Microsoft Visual Studio Solution File, Format Version 12.00
# Visual Studio 14
VisualStudioVersion = 14.0.25420.1
MinimumVisualStudioVersion = 10.0.40219.1
Project("{FAE04EC0-301F-11D3-BF4B-00C04F79EFBC}") = "SuperAdventure", "SuperAdventure\SuperAdventure.csproj", "{21669E61-5993-4EF0-BA37-14F61DA7178D}"
EndProject
Project("{FAE04EC0-301F-11D3-BF4B-00C04F79EFBC}") = "Engine", "Engine\Engine.csproj", "{D36F6E26-9318-4C66-9EB1-A83A2CD00D29}"
EndProject
Global
	GlobalSection(SolutionConfigurationPlatforms) = preSolution
		Debug|Any CPU = Debug|Any CPU
		Release|Any CPU = Release|Any CPU
	EndGlobalSection
	GlobalSection(ProjectConfigurationPlatforms) = postSolution
		{21669E61-5993-4EF0-BA37-14F61DA7178D}.Debug|Any CPU.ActiveCfg = Debug|Any CPU
		{21669E61-5993-4EF0-BA37-14F61DA7178D}.Debug|Any CPU.Build.0 = Debug|Any CPU
		{21669E61-5993-4EF0-BA37-14F61DA7178D}.Release|Any CPU.ActiveCfg = Release|Any CPU
		{21669E61-5993-4EF0-BA37-14F61DA7178D}.Release|Any CPU.Build.0 = Release|Any CPU
		{D36F6E26-9318-4C66-9EB1-A83A2CD00D29}.Debug|Any CPU.ActiveCfg = Debug|Any CPU
		{D36F6E26-9318-4C66-9EB1-A83A2CD00D29}.Debug|Any CPU.Build.0 = Debug|Any CPU
		{D36F6E26-9318-4C66-9EB1-A83A2CD00D29}.Release|Any CPU.ActiveCfg = Release|Any CPU
		{D36F6E26-9318-4C66-9EB1-A83A2CD00D29}.Release|Any CPU.Build.0 = Release|Any CPU
	EndGlobalSection
	GlobalSection(SolutionProperties) = preSolution
		HideSolutionNode = FALSE
	EndGlobalSection
EndGlobal
